# This file is automatically @generated by Wally.
# It is not intended for manual editing.
registry = "test"

[[package]]
name = "elttob/fusion"
version = "0.1.1-beta"
dependencies = []

[[package]]
name = "evaera/matter"
version = "0.6.2"
dependencies = [["TestEZ", "roblox/testez@0.4.1"]]

[[package]]
name = "evaera/promise"
version = "4.0.0"
dependencies = []

[[package]]
name = "howmanysmall/janitor"
version = "1.14.1"
dependencies = []

[[package]]
name = "me/default"
version = "0.1.0"
dependencies = [["Fusion", "elttob/fusion@0.1.1-beta"], ["Janitor", "howmanysmall/janitor@1.14.1"], ["Loader", "sleitnick/loader@2.0.0"], ["Matter", "evaera/matter@0.6.2"], ["Net", "sleitnick/net@0.1.0"], ["Promise", "evaera/promise@4.0.0"]]

[[package]]
name = "roblox/testez"
version = "0.4.1"
dependencies = []

[[package]]
name = "sleitnick/loader"
version = "2.0.0"
dependencies = []

[[package]]
name = "sleitnick/net"
version = "0.1.0"
dependencies = []
